Microsoft Visual Studio Solution File, Format Version 11.00
# Visual Studio 2008

Project("{D90D0AA1-5C1F-3FF2-B120-A6DF81484311}") = "Adventures of Dr Blood", "Assembly-CSharp-vs.csproj", "{BEFA6D9A-A02D-BFBC-7D73-D98679AB4E45}"
EndProject
Project("{D90D0AA1-5C1F-3FF2-B120-A6DF81484311}") = "Adventures of Dr Blood", "Assembly-CSharp-Editor-vs.csproj", "{BDCB7CFA-6EFC-4E07-5332-85AA074D6CFA}"
EndProject
Global
	GlobalSection(SolutionConfigurationPlatforms) = preSolution
		Debug|Any CPU = Debug|Any CPU
		Release|Any CPU = Release|Any CPU
	EndGlobalSection
	GlobalSection(ProjectConfigurationPlatforms) = postSolution
		{BEFA6D9A-A02D-BFBC-7D73-D98679AB4E45}.Debug|Any CPU.ActiveCfg = Debug|Any CPU
		{BEFA6D9A-A02D-BFBC-7D73-D98679AB4E45}.Debug|Any CPU.Build.0 = Debug|Any CPU
		{BEFA6D9A-A02D-BFBC-7D73-D98679AB4E45}.Release|Any CPU.ActiveCfg = Release|Any CPU
		{BEFA6D9A-A02D-BFBC-7D73-D98679AB4E45}.Release|Any CPU.Build.0 = Release|Any CPU
		{BDCB7CFA-6EFC-4E07-5332-85AA074D6CFA}.Debug|Any CPU.ActiveCfg = Debug|Any CPU
		{BDCB7CFA-6EFC-4E07-5332-85AA074D6CFA}.Debug|Any CPU.Build.0 = Debug|Any CPU
		{BDCB7CFA-6EFC-4E07-5332-85AA074D6CFA}.Release|Any CPU.ActiveCfg = Release|Any CPU
		{BDCB7CFA-6EFC-4E07-5332-85AA074D6CFA}.Release|Any CPU.Build.0 = Release|Any CPU
	EndGlobalSection
	GlobalSection(SolutionProperties) = preSolution
		HideSolutionNode = FALSE
	EndGlobalSection
																																																																																																																																																																																																										GlobalSection(MonoDevelopProperties) = preSolution
		StartupItem = Assembly-CSharp.csproj
		Policies = $0
		$0.TextStylePolicy = $1
		$1.inheritsSet = null
		$1.scope = text/x-csharp
		$0.CSharpFormattingPolicy = $2
		$2.inheritsSet = Mono
		$2.inheritsScope = text/x-csharp
		$2.scope = text/x-csharp
		$0.TextStylePolicy = $3
		$3.FileWidth = 120
		$3.TabWidth = 4
		$3.EolMarker = Unix
		$3.inheritsSet = Mono
		$3.inheritsScope = text/plain
		$3.scope = text/plain
	EndGlobalSection

EndGlobal
